# THIS IS AN AUTOGENERATED FILE. DO NOT EDIT THIS FILE DIRECTLY.
# yarn lockfile v1


"@fullcalendar/common@6.0.0-beta.1":
  version "6.0.0-beta.1"
  resolved "https://registry.yarnpkg.com/@fullcalendar/common/-/common-6.0.0-beta.1.tgz#7a62e028bb0a9b09a0e0ef2f77635140f43dd0d4"
  integrity sha512-1TQ/+s8XJzfUqmMH1v86Dh51Xf5xZu9lhdnpdxTNAaoD7f+BCYZb4z1X7n9JEXbToqEBrzMIbGoppn87vc5dGw==
  dependencies:
    tslib "^2.1.0"

"@fullcalendar/common@~5.11.2":
  version "5.11.2"
  resolved "https://registry.yarnpkg.com/@fullcalendar/common/-/common-5.11.2.tgz#2b198a56d315b0f4d4197d730f9303a9ba8954f8"
  integrity sha512-2YBRs4IFrZlo7UL7hEHK+QgnuQnVIfwSspCOy0Qe+DtU2hu3myPrxsW0Tt/8RaoWsRndRDw5jeJzpjcVHDSSGQ==
  dependencies:
    tslib "^2.1.0"

"@fullcalendar/core@^5.11.2":
  version "5.11.2"
  resolved "https://registry.yarnpkg.com/@fullcalendar/core/-/core-5.11.2.tgz#9663c583513d98438cea0e4d25c74fea5d6bdbce"
  integrity sha512-+lO4EWqssONDWF1NO+tiW8KYqKj+MluLAnnRhIKlnFfvNJXEoondWKR6q3jF9Yxe/VmbVFKPq9z6auIxc7zr3A==
  dependencies:
    "@fullcalendar/common" "~5.11.2"
    preact "^10.0.5"
    tslib "^2.1.0"

"@fullcalendar/daygrid@^6.0.0-beta.1":
  version "6.0.0-beta.1"
  resolved "https://registry.yarnpkg.com/@fullcalendar/daygrid/-/daygrid-6.0.0-beta.1.tgz#cf95c16430f0231e07d28ad82f422bb8efb2f57f"
  integrity sha512-0/iiWIydCBJDORKAwDded9UHxwVTy6PB2MQZO/AiF7d/stN5i2LrWFDzPgWWovNYZxljrnQ4DTAo/FAnYgBMaw==
  dependencies:
    "@fullcalendar/common" "6.0.0-beta.1"
    tslib "^2.1.0"

"@fullcalendar/interaction@^5.11.2":
  version "5.11.2"
  resolved "https://registry.yarnpkg.com/@fullcalendar/interaction/-/interaction-5.11.2.tgz#b2845a3eef79f4a98ff6e759486c9b06703459a6"
  integrity sha512-PlUXP9pW62tLgp2DttLC2f8IX5yeRLRboY/knnRKQRlWoX9tUvmIDK2vZPyAHbXikfYcKtL/B91oCaFWF/HrRA==
  dependencies:
    "@fullcalendar/common" "~5.11.2"
    tslib "^2.1.0"

preact@^10.0.5:
  version "10.10.1"
  resolved "https://registry.yarnpkg.com/preact/-/preact-10.10.1.tgz#df67e4348f50fc6ad2e11e813553f15c6543176b"
  integrity sha512-cXljG59ylGtSLismoLojXPAGvnh2ipQr3BYz9KZQr+1sdASCT+sR/v8dSMDS96xGCdtln2wHfAHCnLJK+XcBNg==

tslib@^2.1.0:
  version "2.4.0"
  resolved "https://registry.yarnpkg.com/tslib/-/tslib-2.4.0.tgz#7cecaa7f073ce680a05847aa77be941098f36dc3"
  integrity sha512-d6xOpEDfsi2CZVlPQzGeux8XMwLT9hssAsaPYExaQMuYskwb+x1x7J371tWlbBdWHroy99KnVB6qIkUbs5X3UQ==
